
Microsoft Visual Studio Solution File, Format Version 12.00
# Visual Studio Version 17
VisualStudioVersion = 17.3.32825.248
MinimumVisualStudioVersion = 10.0.40219.1
Project("{FAE04EC0-301F-11D3-BF4B-00C04F79EFBC}") = "Assignment4Part4-MihiriKamiss", "Assignment4Part4-MihiriKamiss.csproj", "{F9F48D67-A21D-4CD9-A6C6-2FC4506670B1}"
EndProject
Project("{FAE04EC0-301F-11D3-BF4B-00C04F79EFBC}") = "Assignment4Part4-MihiriKamiss-Test", "..\Assignment4Part4-MihiriKamiss-Test\Assignment4Part4-MihiriKamiss-Test.csproj", "{3064006D-AE74-4315-8221-2D6E6C4A4E6A}"
EndProject
Global
	GlobalSection(SolutionConfigurationPlatforms) = preSolution
		Debug|Any CPU = Debug|Any CPU
		Release|Any CPU = Release|Any CPU
	EndGlobalSection
	GlobalSection(ProjectConfigurationPlatforms) = postSolution
		{F9F48D67-A21D-4CD9-A6C6-2FC4506670B1}.Debug|Any CPU.ActiveCfg = Debug|Any CPU
		{F9F48D67-A21D-4CD9-A6C6-2FC4506670B1}.Debug|Any CPU.Build.0 = Debug|Any CPU
		{F9F48D67-A21D-4CD9-A6C6-2FC4506670B1}.Release|Any CPU.ActiveCfg = Release|Any CPU
		{F9F48D67-A21D-4CD9-A6C6-2FC4506670B1}.Release|Any CPU.Build.0 = Release|Any CPU
		{3064006D-AE74-4315-8221-2D6E6C4A4E6A}.Debug|Any CPU.ActiveCfg = Debug|Any CPU
		{3064006D-AE74-4315-8221-2D6E6C4A4E6A}.Debug|Any CPU.Build.0 = Debug|Any CPU
		{3064006D-AE74-4315-8221-2D6E6C4A4E6A}.Release|Any CPU.ActiveCfg = Release|Any CPU
		{3064006D-AE74-4315-8221-2D6E6C4A4E6A}.Release|Any CPU.Build.0 = Release|Any CPU
	EndGlobalSection
	GlobalSection(SolutionProperties) = preSolution
		HideSolutionNode = FALSE
	EndGlobalSection
	GlobalSection(ExtensibilityGlobals) = postSolution
		SolutionGuid = {56155BC7-082E-49BD-B920-26C25A74D928}
	EndGlobalSection
EndGlobal
